
Microsoft Visual Studio Solution File, Format Version 12.00
# Visual Studio Version 17
VisualStudioVersion = 17.4.33213.308
MinimumVisualStudioVersion = 10.0.40219.1
Project("{FAE04EC0-301F-11D3-BF4B-00C04F79EFBC}") = "StartBootstrap", "StartBootstrap\StartBootstrap.csproj", "{94D59371-539F-4B75-82DA-3668B88D4641}"
EndProject
Project("{FAE04EC0-301F-11D3-BF4B-00C04F79EFBC}") = "Eterna", "Eterna\Eterna.csproj", "{B7A193FB-90E7-45AC-B509-6ACDE88238E6}"
EndProject
Global
	GlobalSection(SolutionConfigurationPlatforms) = preSolution
		Debug|Any CPU = Debug|Any CPU
		Release|Any CPU = Release|Any CPU
	EndGlobalSection
	GlobalSection(ProjectConfigurationPlatforms) = postSolution
		{94D59371-539F-4B75-82DA-3668B88D4641}.Debug|Any CPU.ActiveCfg = Debug|Any CPU
		{94D59371-539F-4B75-82DA-3668B88D4641}.Debug|Any CPU.Build.0 = Debug|Any CPU
		{94D59371-539F-4B75-82DA-3668B88D4641}.Release|Any CPU.ActiveCfg = Release|Any CPU
		{94D59371-539F-4B75-82DA-3668B88D4641}.Release|Any CPU.Build.0 = Release|Any CPU
		{B7A193FB-90E7-45AC-B509-6ACDE88238E6}.Debug|Any CPU.ActiveCfg = Debug|Any CPU
		{B7A193FB-90E7-45AC-B509-6ACDE88238E6}.Debug|Any CPU.Build.0 = Debug|Any CPU
		{B7A193FB-90E7-45AC-B509-6ACDE88238E6}.Release|Any CPU.ActiveCfg = Release|Any CPU
		{B7A193FB-90E7-45AC-B509-6ACDE88238E6}.Release|Any CPU.Build.0 = Release|Any CPU
	EndGlobalSection
	GlobalSection(SolutionProperties) = preSolution
		HideSolutionNode = FALSE
	EndGlobalSection
	GlobalSection(ExtensibilityGlobals) = postSolution
		SolutionGuid = {AE23C901-7912-44BD-9161-66DF3B4AF844}
	EndGlobalSection
EndGlobal
